
Microsoft Visual Studio Solution File, Format Version 12.00
# Visual Studio 15
VisualStudioVersion = 15.0.27130.2024
MinimumVisualStudioVersion = 10.0.40219.1
Project("{FAE04EC0-301F-11D3-BF4B-00C04F79EFBC}") = "MVCDemo", "MVCDemo\MVCDemo.csproj", "{E491A5E5-CCF3-4FD5-BD72-EA668D2AD035}"
EndProject
Global
	GlobalSection(SolutionConfigurationPlatforms) = preSolution
		Debug|Any CPU = Debug|Any CPU
		Release|Any CPU = Release|Any CPU
	EndGlobalSection
	GlobalSection(ProjectConfigurationPlatforms) = postSolution
		{E491A5E5-CCF3-4FD5-BD72-EA668D2AD035}.Debug|Any CPU.ActiveCfg = Debug|Any CPU
		{E491A5E5-CCF3-4FD5-BD72-EA668D2AD035}.Debug|Any CPU.Build.0 = Debug|Any CPU
		{E491A5E5-CCF3-4FD5-BD72-EA668D2AD035}.Release|Any CPU.ActiveCfg = Release|Any CPU
		{E491A5E5-CCF3-4FD5-BD72-EA668D2AD035}.Release|Any CPU.Build.0 = Release|Any CPU
	EndGlobalSection
	GlobalSection(SolutionProperties) = preSolution
		HideSolutionNode = FALSE
	EndGlobalSection
	GlobalSection(ExtensibilityGlobals) = postSolution
		SolutionGuid = {1A6E07F1-D6A0-401F-937A-3EB15A2FB7E5}
	EndGlobalSection
EndGlobal
